
Microsoft Visual Studio Solution File, Format Version 12.00
# Visual Studio 15
VisualStudioVersion = 15.0.28307.960
MinimumVisualStudioVersion = 10.0.40219.1
Project("{2150E333-8FDC-42A3-9474-1A3956D46DE8}") = "Lab3", "Lab3", "{5D75974D-2AB7-41C9-9293-CC0AD543BE71}"
EndProject
Project("{2150E333-8FDC-42A3-9474-1A3956D46DE8}") = "Lab1", "Lab1", "{85C5940F-FBFA-43EE-A0D3-4D0156090361}"
EndProject
Project("{2150E333-8FDC-42A3-9474-1A3956D46DE8}") = "Lab2", "Lab2", "{F33DC7E3-2E9C-42A1-89BA-8CCABAE2D0A4}"
EndProject
Project("{2150E333-8FDC-42A3-9474-1A3956D46DE8}") = "Lab5", "Lab5", "{3514F5DA-49DC-4612-9D76-83D3FF654D5C}"
EndProject
Project("{2150E333-8FDC-42A3-9474-1A3956D46DE8}") = "ParseTree", "ParseTree", "{03314FF9-1E86-4F6B-970F-A7533E0E2D1E}"
EndProject
Project("{2150E333-8FDC-42A3-9474-1A3956D46DE8}") = "PriorityQueueHeap", "PriorityQueueHeap", "{E8A05099-9F45-4B04-A616-194BBEF642AC}"
EndProject
Project("{2150E333-8FDC-42A3-9474-1A3956D46DE8}") = "Trees", "Trees", "{688941BF-B361-4624-AB20-DC093091C364}"
EndProject
Project("{2150E333-8FDC-42A3-9474-1A3956D46DE8}") = "Lab6", "Lab6", "{6838262E-57BC-4DDF-BAB2-3ED0913F7FF0}"
EndProject
Project("{2150E333-8FDC-42A3-9474-1A3956D46DE8}") = "Lab7", "Lab7", "{08D1D5D5-8ADA-49D4-9B43-6BEA03DCB145}"
EndProject
Project("{FAE04EC0-301F-11D3-BF4B-00C04F79EFBC}") = "LinkedListDriver", "Lab3\LinkedList\LinkedListDriver.csproj", "{CB3E1CD1-842F-4DDB-ACAB-30F661FA2908}"
EndProject
Project("{FAE04EC0-301F-11D3-BF4B-00C04F79EFBC}") = "DeQueueDriver", "Lab2\DeQueue\DeQueueDriver.csproj", "{513EADF6-EEDB-4E2F-AE0B-830EE848558C}"
EndProject
Project("{FAE04EC0-301F-11D3-BF4B-00C04F79EFBC}") = "ParseTreeDriver", "Lab5\ParseTree\Driver\ParseTreeDriver.csproj", "{F578059E-8707-430F-A8C3-F32DA4E867F2}"
EndProject
Project("{FAE04EC0-301F-11D3-BF4B-00C04F79EFBC}") = "ParseTreeClasses", "Lab5\ParseTree\ParseTreeClasses\ParseTreeClasses.csproj", "{73AAA198-8463-4E50-8ADE-10C89962FC4A}"
EndProject
Project("{FAE04EC0-301F-11D3-BF4B-00C04F79EFBC}") = "StudentListClasses", "Lab3\StudentListClasses\StudentListClasses.csproj", "{BCE38786-373A-4ED9-8D30-93F47212DD66}"
EndProject
Project("{FAE04EC0-301F-11D3-BF4B-00C04F79EFBC}") = "HeapClasses", "Lab5\PriorityQueueHeap\HeapClasses\HeapClasses.csproj", "{689FCA87-604D-4626-8FA8-8A7EEFCD3916}"
EndProject
Project("{FAE04EC0-301F-11D3-BF4B-00C04F79EFBC}") = "PriorityQueueHeapDriver", "Lab5\PriorityQueueHeap\PriorityQueueHeap\PriorityQueueHeapDriver.csproj", "{CEC5559D-98E7-4651-B85A-AACCA4FB4B56}"
EndProject
Project("{FAE04EC0-301F-11D3-BF4B-00C04F79EFBC}") = "PriorityQueueClasses", "Lab5\PriorityQueueHeap\PriorityQueueClasses\PriorityQueueClasses.csproj", "{EAAD59CE-7BB0-400E-B0C7-979CF96C3ACB}"
EndProject
Project("{FAE04EC0-301F-11D3-BF4B-00C04F79EFBC}") = "TreesDriver", "Lab5\Trees\Trees\TreesDriver.csproj", "{AD489EA2-5CD6-40BC-AE2B-F4138495644D}"
EndProject
Project("{FAE04EC0-301F-11D3-BF4B-00C04F79EFBC}") = "Tree234Classes", "Lab5\Trees\Tree234Classes\Tree234Classes.csproj", "{4A0A1352-92DE-4062-A3FA-E42EF2317875}"
EndProject
Project("{FAE04EC0-301F-11D3-BF4B-00C04F79EFBC}") = "WordTreeClasses", "Lab5\Trees\WorldTreeClasses\WordTreeClasses.csproj", "{7F943C4B-38A7-46E3-9346-371E3E87517B}"
EndProject
Project("{FAE04EC0-301F-11D3-BF4B-00C04F79EFBC}") = "HashingDriver", "Lab6\Hashing\HashingDriver.csproj", "{7C9E0631-19D4-4942-94FD-F9B1F1854221}"
EndProject
Project("{FAE04EC0-301F-11D3-BF4B-00C04F79EFBC}") = "ChainHashClasses", "Lab6\ChainHashClasses\ChainHashClasses.csproj", "{8265DB39-6D00-4307-812E-AAD2714DA06F}"
EndProject
Project("{FAE04EC0-301F-11D3-BF4B-00C04F79EFBC}") = "StringHashClasses", "Lab6\StringHashClasses\StringHashClasses.csproj", "{C67022DD-E491-461A-BCAE-BCABFE2327CA}"
EndProject
Project("{FAE04EC0-301F-11D3-BF4B-00C04F79EFBC}") = "RecursiveSortsDriver", "Lab7\RecursiveSorts\RecursiveSortsDriver.csproj", "{05086166-7901-4D13-B795-EDC03234BB1F}"
EndProject
Project("{FAE04EC0-301F-11D3-BF4B-00C04F79EFBC}") = "Sorts", "Lab7\Sorts\Sorts.csproj", "{B4CD29AB-0D1C-4304-A4E9-3786FCAE5C9D}"
EndProject
Project("{FAE04EC0-301F-11D3-BF4B-00C04F79EFBC}") = "Template", "Lab4\Template\Template.csproj", "{791E308E-353A-43C3-BD5C-E56865C013F6}"
EndProject
Project("{2150E333-8FDC-42A3-9474-1A3956D46DE8}") = "Lab4", "Lab4", "{C880CB6A-3DAA-4E80-BA5B-D5978488B3CB}"
EndProject
Project("{2150E333-8FDC-42A3-9474-1A3956D46DE8}") = "Lab8", "Lab8", "{AC284CE4-1F9B-4F84-9315-1EB942E9C2DC}"
EndProject
Project("{FAE04EC0-301F-11D3-BF4B-00C04F79EFBC}") = "GraphDriver", "Lab8\Graphs\GraphDriver.csproj", "{EC07380D-825C-4CFF-9EBD-12A546AF498D}"
EndProject
Project("{2150E333-8FDC-42A3-9474-1A3956D46DE8}") = "Lab9", "Lab9", "{0898AE87-9746-44BC-BB0A-007D16743159}"
EndProject
Project("{FAE04EC0-301F-11D3-BF4B-00C04F79EFBC}") = "WeightedGraphClasses", "Lab9\WeightedGraphClasses\WeightedGraphClasses.csproj", "{9EEA8BAC-7506-4139-AB14-C0CEF518AA90}"
EndProject
Project("{FAE04EC0-301F-11D3-BF4B-00C04F79EFBC}") = "WeightedGraphDriver", "Lab9\WeightedGraphs\WeightedGraphDriver.csproj", "{226AD76D-9B9B-46F5-AFFE-9EA4FEEC4F08}"
EndProject
Project("{FAE04EC0-301F-11D3-BF4B-00C04F79EFBC}") = "GraphClasses", "Lab8\GraphClasses\GraphClasses.csproj", "{C1D6BECB-6E11-4AFF-9467-A6AA96DF8B46}"
EndProject
Project("{FAE04EC0-301F-11D3-BF4B-00C04F79EFBC}") = "ArrayIntDriver", "Lab1\ArrayIntDriver\ArrayIntDriver.csproj", "{C1F86A64-1088-4250-A511-BBE3BD15EAB5}"
EndProject
Project("{FAE04EC0-301F-11D3-BF4B-00C04F79EFBC}") = "IntArray", "Lab1\IntArray\IntArray.csproj", "{A028A1CD-CA97-40C0-A37F-3B871287817C}"
EndProject
Project("{FAE04EC0-301F-11D3-BF4B-00C04F79EFBC}") = "TextClassClasses", "Lab3\TextClass\TextClassClasses.csproj", "{286151B9-E047-4962-BF43-CDE9375473CF}"
EndProject
Project("{FAE04EC0-301F-11D3-BF4B-00C04F79EFBC}") = "DeQueueClasses", "Lab2\DeQueueClasses\DeQueueClasses.csproj", "{622A5839-C118-42DC-9C8F-B4B81A1E0FD3}"
EndProject
Global
	GlobalSection(SolutionConfigurationPlatforms) = preSolution
		Debug|Any CPU = Debug|Any CPU
		Release|Any CPU = Release|Any CPU
	EndGlobalSection
	GlobalSection(ProjectConfigurationPlatforms) = postSolution
		{CB3E1CD1-842F-4DDB-ACAB-30F661FA2908}.Debug|Any CPU.ActiveCfg = Debug|Any CPU
		{CB3E1CD1-842F-4DDB-ACAB-30F661FA2908}.Debug|Any CPU.Build.0 = Debug|Any CPU
		{CB3E1CD1-842F-4DDB-ACAB-30F661FA2908}.Release|Any CPU.ActiveCfg = Release|Any CPU
		{CB3E1CD1-842F-4DDB-ACAB-30F661FA2908}.Release|Any CPU.Build.0 = Release|Any CPU
		{513EADF6-EEDB-4E2F-AE0B-830EE848558C}.Debug|Any CPU.ActiveCfg = Debug|Any CPU
		{513EADF6-EEDB-4E2F-AE0B-830EE848558C}.Debug|Any CPU.Build.0 = Debug|Any CPU
		{513EADF6-EEDB-4E2F-AE0B-830EE848558C}.Release|Any CPU.ActiveCfg = Release|Any CPU
		{513EADF6-EEDB-4E2F-AE0B-830EE848558C}.Release|Any CPU.Build.0 = Release|Any CPU
		{F578059E-8707-430F-A8C3-F32DA4E867F2}.Debug|Any CPU.ActiveCfg = Debug|Any CPU
		{F578059E-8707-430F-A8C3-F32DA4E867F2}.Debug|Any CPU.Build.0 = Debug|Any CPU
		{F578059E-8707-430F-A8C3-F32DA4E867F2}.Release|Any CPU.ActiveCfg = Release|Any CPU
		{F578059E-8707-430F-A8C3-F32DA4E867F2}.Release|Any CPU.Build.0 = Release|Any CPU
		{73AAA198-8463-4E50-8ADE-10C89962FC4A}.Debug|Any CPU.ActiveCfg = Debug|Any CPU
		{73AAA198-8463-4E50-8ADE-10C89962FC4A}.Debug|Any CPU.Build.0 = Debug|Any CPU
		{73AAA198-8463-4E50-8ADE-10C89962FC4A}.Release|Any CPU.ActiveCfg = Release|Any CPU
		{73AAA198-8463-4E50-8ADE-10C89962FC4A}.Release|Any CPU.Build.0 = Release|Any CPU
		{BCE38786-373A-4ED9-8D30-93F47212DD66}.Debug|Any CPU.ActiveCfg = Debug|Any CPU
		{BCE38786-373A-4ED9-8D30-93F47212DD66}.Debug|Any CPU.Build.0 = Debug|Any CPU
		{BCE38786-373A-4ED9-8D30-93F47212DD66}.Release|Any CPU.ActiveCfg = Release|Any CPU
		{BCE38786-373A-4ED9-8D30-93F47212DD66}.Release|Any CPU.Build.0 = Release|Any CPU
		{689FCA87-604D-4626-8FA8-8A7EEFCD3916}.Debug|Any CPU.ActiveCfg = Debug|Any CPU
		{689FCA87-604D-4626-8FA8-8A7EEFCD3916}.Debug|Any CPU.Build.0 = Debug|Any CPU
		{689FCA87-604D-4626-8FA8-8A7EEFCD3916}.Release|Any CPU.ActiveCfg = Release|Any CPU
		{689FCA87-604D-4626-8FA8-8A7EEFCD3916}.Release|Any CPU.Build.0 = Release|Any CPU
		{CEC5559D-98E7-4651-B85A-AACCA4FB4B56}.Debug|Any CPU.ActiveCfg = Debug|Any CPU
		{CEC5559D-98E7-4651-B85A-AACCA4FB4B56}.Debug|Any CPU.Build.0 = Debug|Any CPU
		{CEC5559D-98E7-4651-B85A-AACCA4FB4B56}.Release|Any CPU.ActiveCfg = Release|Any CPU
		{CEC5559D-98E7-4651-B85A-AACCA4FB4B56}.Release|Any CPU.Build.0 = Release|Any CPU
		{EAAD59CE-7BB0-400E-B0C7-979CF96C3ACB}.Debug|Any CPU.ActiveCfg = Debug|Any CPU
		{EAAD59CE-7BB0-400E-B0C7-979CF96C3ACB}.Debug|Any CPU.Build.0 = Debug|Any CPU
		{EAAD59CE-7BB0-400E-B0C7-979CF96C3ACB}.Release|Any CPU.ActiveCfg = Release|Any CPU
		{EAAD59CE-7BB0-400E-B0C7-979CF96C3ACB}.Release|Any CPU.Build.0 = Release|Any CPU
		{AD489EA2-5CD6-40BC-AE2B-F4138495644D}.Debug|Any CPU.ActiveCfg = Debug|Any CPU
		{AD489EA2-5CD6-40BC-AE2B-F4138495644D}.Debug|Any CPU.Build.0 = Debug|Any CPU
		{AD489EA2-5CD6-40BC-AE2B-F4138495644D}.Release|Any CPU.ActiveCfg = Release|Any CPU
		{AD489EA2-5CD6-40BC-AE2B-F4138495644D}.Release|Any CPU.Build.0 = Release|Any CPU
		{4A0A1352-92DE-4062-A3FA-E42EF2317875}.Debug|Any CPU.ActiveCfg = Debug|Any CPU
		{4A0A1352-92DE-4062-A3FA-E42EF2317875}.Debug|Any CPU.Build.0 = Debug|Any CPU
		{4A0A1352-92DE-4062-A3FA-E42EF2317875}.Release|Any CPU.ActiveCfg = Release|Any CPU
		{4A0A1352-92DE-4062-A3FA-E42EF2317875}.Release|Any CPU.Build.0 = Release|Any CPU
		{7F943C4B-38A7-46E3-9346-371E3E87517B}.Debug|Any CPU.ActiveCfg = Debug|Any CPU
		{7F943C4B-38A7-46E3-9346-371E3E87517B}.Debug|Any CPU.Build.0 = Debug|Any CPU
		{7F943C4B-38A7-46E3-9346-371E3E87517B}.Release|Any CPU.ActiveCfg = Release|Any CPU
		{7F943C4B-38A7-46E3-9346-371E3E87517B}.Release|Any CPU.Build.0 = Release|Any CPU
		{7C9E0631-19D4-4942-94FD-F9B1F1854221}.Debug|Any CPU.ActiveCfg = Debug|Any CPU
		{7C9E0631-19D4-4942-94FD-F9B1F1854221}.Debug|Any CPU.Build.0 = Debug|Any CPU
		{7C9E0631-19D4-4942-94FD-F9B1F1854221}.Release|Any CPU.ActiveCfg = Release|Any CPU
		{7C9E0631-19D4-4942-94FD-F9B1F1854221}.Release|Any CPU.Build.0 = Release|Any CPU
		{8265DB39-6D00-4307-812E-AAD2714DA06F}.Debug|Any CPU.ActiveCfg = Debug|Any CPU
		{8265DB39-6D00-4307-812E-AAD2714DA06F}.Debug|Any CPU.Build.0 = Debug|Any CPU
		{8265DB39-6D00-4307-812E-AAD2714DA06F}.Release|Any CPU.ActiveCfg = Release|Any CPU
		{8265DB39-6D00-4307-812E-AAD2714DA06F}.Release|Any CPU.Build.0 = Release|Any CPU
		{C67022DD-E491-461A-BCAE-BCABFE2327CA}.Debug|Any CPU.ActiveCfg = Debug|Any CPU
		{C67022DD-E491-461A-BCAE-BCABFE2327CA}.Debug|Any CPU.Build.0 = Debug|Any CPU
		{C67022DD-E491-461A-BCAE-BCABFE2327CA}.Release|Any CPU.ActiveCfg = Release|Any CPU
		{C67022DD-E491-461A-BCAE-BCABFE2327CA}.Release|Any CPU.Build.0 = Release|Any CPU
		{05086166-7901-4D13-B795-EDC03234BB1F}.Debug|Any CPU.ActiveCfg = Debug|Any CPU
		{05086166-7901-4D13-B795-EDC03234BB1F}.Debug|Any CPU.Build.0 = Debug|Any CPU
		{05086166-7901-4D13-B795-EDC03234BB1F}.Release|Any CPU.ActiveCfg = Release|Any CPU
		{05086166-7901-4D13-B795-EDC03234BB1F}.Release|Any CPU.Build.0 = Release|Any CPU
		{B4CD29AB-0D1C-4304-A4E9-3786FCAE5C9D}.Debug|Any CPU.ActiveCfg = Debug|Any CPU
		{B4CD29AB-0D1C-4304-A4E9-3786FCAE5C9D}.Debug|Any CPU.Build.0 = Debug|Any CPU
		{B4CD29AB-0D1C-4304-A4E9-3786FCAE5C9D}.Release|Any CPU.ActiveCfg = Release|Any CPU
		{B4CD29AB-0D1C-4304-A4E9-3786FCAE5C9D}.Release|Any CPU.Build.0 = Release|Any CPU
		{791E308E-353A-43C3-BD5C-E56865C013F6}.Debug|Any CPU.ActiveCfg = Debug|Any CPU
		{791E308E-353A-43C3-BD5C-E56865C013F6}.Debug|Any CPU.Build.0 = Debug|Any CPU
		{791E308E-353A-43C3-BD5C-E56865C013F6}.Release|Any CPU.ActiveCfg = Release|Any CPU
		{791E308E-353A-43C3-BD5C-E56865C013F6}.Release|Any CPU.Build.0 = Release|Any CPU
		{EC07380D-825C-4CFF-9EBD-12A546AF498D}.Debug|Any CPU.ActiveCfg = Debug|Any CPU
		{EC07380D-825C-4CFF-9EBD-12A546AF498D}.Debug|Any CPU.Build.0 = Debug|Any CPU
		{EC07380D-825C-4CFF-9EBD-12A546AF498D}.Release|Any CPU.ActiveCfg = Release|Any CPU
		{EC07380D-825C-4CFF-9EBD-12A546AF498D}.Release|Any CPU.Build.0 = Release|Any CPU
		{9EEA8BAC-7506-4139-AB14-C0CEF518AA90}.Debug|Any CPU.ActiveCfg = Debug|Any CPU
		{9EEA8BAC-7506-4139-AB14-C0CEF518AA90}.Debug|Any CPU.Build.0 = Debug|Any CPU
		{9EEA8BAC-7506-4139-AB14-C0CEF518AA90}.Release|Any CPU.ActiveCfg = Release|Any CPU
		{9EEA8BAC-7506-4139-AB14-C0CEF518AA90}.Release|Any CPU.Build.0 = Release|Any CPU
		{226AD76D-9B9B-46F5-AFFE-9EA4FEEC4F08}.Debug|Any CPU.ActiveCfg = Debug|Any CPU
		{226AD76D-9B9B-46F5-AFFE-9EA4FEEC4F08}.Debug|Any CPU.Build.0 = Debug|Any CPU
		{226AD76D-9B9B-46F5-AFFE-9EA4FEEC4F08}.Release|Any CPU.ActiveCfg = Release|Any CPU
		{226AD76D-9B9B-46F5-AFFE-9EA4FEEC4F08}.Release|Any CPU.Build.0 = Release|Any CPU
		{C1D6BECB-6E11-4AFF-9467-A6AA96DF8B46}.Debug|Any CPU.ActiveCfg = Debug|Any CPU
		{C1D6BECB-6E11-4AFF-9467-A6AA96DF8B46}.Debug|Any CPU.Build.0 = Debug|Any CPU
		{C1D6BECB-6E11-4AFF-9467-A6AA96DF8B46}.Release|Any CPU.ActiveCfg = Release|Any CPU
		{C1D6BECB-6E11-4AFF-9467-A6AA96DF8B46}.Release|Any CPU.Build.0 = Release|Any CPU
		{C1F86A64-1088-4250-A511-BBE3BD15EAB5}.Debug|Any CPU.ActiveCfg = Debug|Any CPU
		{C1F86A64-1088-4250-A511-BBE3BD15EAB5}.Debug|Any CPU.Build.0 = Debug|Any CPU
		{C1F86A64-1088-4250-A511-BBE3BD15EAB5}.Release|Any CPU.ActiveCfg = Release|Any CPU
		{C1F86A64-1088-4250-A511-BBE3BD15EAB5}.Release|Any CPU.Build.0 = Release|Any CPU
		{A028A1CD-CA97-40C0-A37F-3B871287817C}.Debug|Any CPU.ActiveCfg = Debug|Any CPU
		{A028A1CD-CA97-40C0-A37F-3B871287817C}.Debug|Any CPU.Build.0 = Debug|Any CPU
		{A028A1CD-CA97-40C0-A37F-3B871287817C}.Release|Any CPU.ActiveCfg = Release|Any CPU
		{A028A1CD-CA97-40C0-A37F-3B871287817C}.Release|Any CPU.Build.0 = Release|Any CPU
		{286151B9-E047-4962-BF43-CDE9375473CF}.Debug|Any CPU.ActiveCfg = Debug|Any CPU
		{286151B9-E047-4962-BF43-CDE9375473CF}.Debug|Any CPU.Build.0 = Debug|Any CPU
		{286151B9-E047-4962-BF43-CDE9375473CF}.Release|Any CPU.ActiveCfg = Release|Any CPU
		{286151B9-E047-4962-BF43-CDE9375473CF}.Release|Any CPU.Build.0 = Release|Any CPU
		{622A5839-C118-42DC-9C8F-B4B81A1E0FD3}.Debug|Any CPU.ActiveCfg = Debug|Any CPU
		{622A5839-C118-42DC-9C8F-B4B81A1E0FD3}.Debug|Any CPU.Build.0 = Debug|Any CPU
		{622A5839-C118-42DC-9C8F-B4B81A1E0FD3}.Release|Any CPU.ActiveCfg = Release|Any CPU
		{622A5839-C118-42DC-9C8F-B4B81A1E0FD3}.Release|Any CPU.Build.0 = Release|Any CPU
	EndGlobalSection
	GlobalSection(SolutionProperties) = preSolution
		HideSolutionNode = FALSE
	EndGlobalSection
	GlobalSection(NestedProjects) = preSolution
		{03314FF9-1E86-4F6B-970F-A7533E0E2D1E} = {3514F5DA-49DC-4612-9D76-83D3FF654D5C}
		{E8A05099-9F45-4B04-A616-194BBEF642AC} = {3514F5DA-49DC-4612-9D76-83D3FF654D5C}
		{688941BF-B361-4624-AB20-DC093091C364} = {3514F5DA-49DC-4612-9D76-83D3FF654D5C}
		{CB3E1CD1-842F-4DDB-ACAB-30F661FA2908} = {5D75974D-2AB7-41C9-9293-CC0AD543BE71}
		{513EADF6-EEDB-4E2F-AE0B-830EE848558C} = {F33DC7E3-2E9C-42A1-89BA-8CCABAE2D0A4}
		{F578059E-8707-430F-A8C3-F32DA4E867F2} = {03314FF9-1E86-4F6B-970F-A7533E0E2D1E}
		{73AAA198-8463-4E50-8ADE-10C89962FC4A} = {03314FF9-1E86-4F6B-970F-A7533E0E2D1E}
		{BCE38786-373A-4ED9-8D30-93F47212DD66} = {5D75974D-2AB7-41C9-9293-CC0AD543BE71}
		{689FCA87-604D-4626-8FA8-8A7EEFCD3916} = {E8A05099-9F45-4B04-A616-194BBEF642AC}
		{CEC5559D-98E7-4651-B85A-AACCA4FB4B56} = {E8A05099-9F45-4B04-A616-194BBEF642AC}
		{EAAD59CE-7BB0-400E-B0C7-979CF96C3ACB} = {E8A05099-9F45-4B04-A616-194BBEF642AC}
		{AD489EA2-5CD6-40BC-AE2B-F4138495644D} = {688941BF-B361-4624-AB20-DC093091C364}
		{4A0A1352-92DE-4062-A3FA-E42EF2317875} = {688941BF-B361-4624-AB20-DC093091C364}
		{7F943C4B-38A7-46E3-9346-371E3E87517B} = {688941BF-B361-4624-AB20-DC093091C364}
		{7C9E0631-19D4-4942-94FD-F9B1F1854221} = {6838262E-57BC-4DDF-BAB2-3ED0913F7FF0}
		{8265DB39-6D00-4307-812E-AAD2714DA06F} = {6838262E-57BC-4DDF-BAB2-3ED0913F7FF0}
		{C67022DD-E491-461A-BCAE-BCABFE2327CA} = {6838262E-57BC-4DDF-BAB2-3ED0913F7FF0}
		{05086166-7901-4D13-B795-EDC03234BB1F} = {08D1D5D5-8ADA-49D4-9B43-6BEA03DCB145}
		{B4CD29AB-0D1C-4304-A4E9-3786FCAE5C9D} = {08D1D5D5-8ADA-49D4-9B43-6BEA03DCB145}
		{791E308E-353A-43C3-BD5C-E56865C013F6} = {C880CB6A-3DAA-4E80-BA5B-D5978488B3CB}
		{EC07380D-825C-4CFF-9EBD-12A546AF498D} = {AC284CE4-1F9B-4F84-9315-1EB942E9C2DC}
		{9EEA8BAC-7506-4139-AB14-C0CEF518AA90} = {0898AE87-9746-44BC-BB0A-007D16743159}
		{226AD76D-9B9B-46F5-AFFE-9EA4FEEC4F08} = {0898AE87-9746-44BC-BB0A-007D16743159}
		{C1D6BECB-6E11-4AFF-9467-A6AA96DF8B46} = {AC284CE4-1F9B-4F84-9315-1EB942E9C2DC}
		{C1F86A64-1088-4250-A511-BBE3BD15EAB5} = {85C5940F-FBFA-43EE-A0D3-4D0156090361}
		{A028A1CD-CA97-40C0-A37F-3B871287817C} = {85C5940F-FBFA-43EE-A0D3-4D0156090361}
		{286151B9-E047-4962-BF43-CDE9375473CF} = {5D75974D-2AB7-41C9-9293-CC0AD543BE71}
		{622A5839-C118-42DC-9C8F-B4B81A1E0FD3} = {F33DC7E3-2E9C-42A1-89BA-8CCABAE2D0A4}
	EndGlobalSection
	GlobalSection(ExtensibilityGlobals) = postSolution
		SolutionGuid = {46C499D2-BF80-436C-A880-C368E9E1CDCF}
	EndGlobalSection
EndGlobal
